// !$*UTF8*$!
{
	archiveVersion = 1;
	classes = {
	};
	objectVersion = 46;
	objects = {

/* Begin PBXBuildFile section */
		184D661D1DB4F2B2008976A1 /* Violations.swift in Sources */ = {isa = PBXBuildFile; fileRef = 184D661C1DB4F2B2008976A1 /* Violations.swift */; };
		184D661F1DB4F349008976A1 /* ViolationsTableViewController.swift in Sources */ = {isa = PBXBuildFile; fileRef = 184D661E1DB4F349008976A1 /* ViolationsTableViewController.swift */; };
		1EE6D1321DB2D7B0006EBDBF /* AppDelegate.swift in Sources */ = {isa = PBXBuildFile; fileRef = 1EE6D1311DB2D7B0006EBDBF /* AppDelegate.swift */; };
		1EE6D1341DB2D7B0006EBDBF /* ViewController.swift in Sources */ = {isa = PBXBuildFile; fileRef = 1EE6D1331DB2D7B0006EBDBF /* ViewController.swift */; };
		1EE6D1371DB2D7B0006EBDBF /* Main.storyboard in Resources */ = {isa = PBXBuildFile; fileRef = 1EE6D1351DB2D7B0006EBDBF /* Main.storyboard */; };
		1EE6D1391DB2D7B0006EBDBF /* Assets.xcassets in Resources */ = {isa = PBXBuildFile; fileRef = 1EE6D1381DB2D7B0006EBDBF /* Assets.xcassets */; };
		1EE6D13C1DB2D7B0006EBDBF /* LaunchScreen.storyboard in Resources */ = {isa = PBXBuildFile; fileRef = 1EE6D13A1DB2D7B0006EBDBF /* LaunchScreen.storyboard */; };
		1EE6D1441DB2D7C4006EBDBF /* violations.json in Resources */ = {isa = PBXBuildFile; fileRef = 1EE6D1431DB2D7C4006EBDBF /* violations.json */; };
/* End PBXBuildFile section */

/* Begin PBXFileReference section */
		184D661C1DB4F2B2008976A1 /* Violations.swift */ = {isa = PBXFileReference; fileEncoding = 4; lastKnownFileType = sourcecode.swift; path = Violations.swift; sourceTree = "<group>"; };
		184D661E1DB4F349008976A1 /* ViolationsTableViewController.swift */ = {isa = PBXFileReference; fileEncoding = 4; lastKnownFileType = sourcecode.swift; path = ViolationsTableViewController.swift; sourceTree = "<group>"; };
		1EE6D12E1DB2D7B0006EBDBF /* AC3.2-Violations.app */ = {isa = PBXFileReference; explicitFileType = wrapper.application; includeInIndex = 0; path = "AC3.2-Violations.app"; sourceTree = BUILT_PRODUCTS_DIR; };
		1EE6D1311DB2D7B0006EBDBF /* AppDelegate.swift */ = {isa = PBXFileReference; lastKnownFileType = sourcecode.swift; path = AppDelegate.swift; sourceTree = "<group>"; };
		1EE6D1331DB2D7B0006EBDBF /* ViewController.swift */ = {isa = PBXFileReference; lastKnownFileType = sourcecode.swift; path = ViewController.swift; sourceTree = "<group>"; };
		1EE6D1361DB2D7B0006EBDBF /* Base */ = {isa = PBXFileReference; lastKnownFileType = file.storyboard; name = Base; path = Base.lproj/Main.storyboard; sourceTree = "<group>"; };
		1EE6D1381DB2D7B0006EBDBF /* Assets.xcassets */ = {isa = PBXFileReference; lastKnownFileType = folder.assetcatalog; path = Assets.xcassets; sourceTree = "<group>"; };
		1EE6D13B1DB2D7B0006EBDBF /* Base */ = {isa = PBXFileReference; lastKnownFileType = file.storyboard; name = Base; path = Base.lproj/LaunchScreen.storyboard; sourceTree = "<group>"; };
		1EE6D13D1DB2D7B0006EBDBF /* Info.plist */ = {isa = PBXFileReference; lastKnownFileType = text.plist.xml; path = Info.plist; sourceTree = "<group>"; };
		1EE6D1431DB2D7C4006EBDBF /* violations.json */ = {isa = PBXFileReference; fileEncoding = 4; lastKnownFileType = text.json; path = violations.json; sourceTree = "<group>"; };
/* End PBXFileReference section */

/* Begin PBXFrameworksBuildPhase section */
		1EE6D12B1DB2D7B0006EBDBF /* Frameworks */ = {
			isa = PBXFrameworksBuildPhase;
			buildActionMask = 2147483647;
			files = (
			);
			runOnlyForDeploymentPostprocessing = 0;
		};
/* End PBXFrameworksBuildPhase section */

/* Begin PBXGroup section */
		1EE6D1251DB2D7B0006EBDBF = {
			isa = PBXGroup;
			children = (
				184D661C1DB4F2B2008976A1 /* Violations.swift */,
				1EE6D1301DB2D7B0006EBDBF /* AC3.2-Violations */,
				1EE6D1431DB2D7C4006EBDBF /* violations.json */,
				1EE6D12F1DB2D7B0006EBDBF /* Products */,
			);
			sourceTree = "<group>";
		};
		1EE6D12F1DB2D7B0006EBDBF /* Products */ = {
			isa = PBXGroup;
			children = (
				1EE6D12E1DB2D7B0006EBDBF /* AC3.2-Violations.app */,
			);
			name = Products;
			sourceTree = "<group>";
		};
		1EE6D1301DB2D7B0006EBDBF /* AC3.2-Violations */ = {
			isa = PBXGroup;
			children = (
				1EE6D1311DB2D7B0006EBDBF /* AppDelegate.swift */,
				1EE6D1331DB2D7B0006EBDBF /* ViewController.swift */,
				184D661E1DB4F349008976A1 /* ViolationsTableViewController.swift */,
				1EE6D1351DB2D7B0006EBDBF /* Main.storyboard */,
				1EE6D1381DB2D7B0006EBDBF /* Assets.xcassets */,
				1EE6D13A1DB2D7B0006EBDBF /* LaunchScreen.storyboard */,
				1EE6D13D1DB2D7B0006EBDBF /* Info.plist */,
			);
			path = "AC3.2-Violations";
			sourceTree = "<group>";
		};
/* End PBXGroup section */

/* Begin PBXNativeTarget section */
		1EE6D12D1DB2D7B0006EBDBF /* AC3.2-Violations */ = {
			isa = PBXNativeTarget;
			buildConfigurationList = 1EE6D1401DB2D7B0006EBDBF /* Build configuration list for PBXNativeTarget "AC3.2-Violations" */;
			buildPhases = (
				1EE6D12A1DB2D7B0006EBDBF /* Sources */,
				1EE6D12B1DB2D7B0006EBDBF /* Frameworks */,
				1EE6D12C1DB2D7B0006EBDBF /* Resources */,
			);
			buildRules = (
			);
			dependencies = (
			);
			name = "AC3.2-Violations";
			productName = "AC3.2-Violations";
			productReference = 1EE6D12E1DB2D7B0006EBDBF /* AC3.2-Violations.app */;
			productType = "com.apple.product-type.application";
		};
/* End PBXNativeTarget section */

/* Begin PBXProject section */
		1EE6D1261DB2D7B0006EBDBF /* Project object */ = {
			isa = PBXProject;
			attributes = {
				LastSwiftUpdateCheck = 0800;
				LastUpgradeCheck = 0800;
				ORGANIZATIONNAME = C4Q;
				TargetAttributes = {
					1EE6D12D1DB2D7B0006EBDBF = {
						CreatedOnToolsVersion = 8.0;
						ProvisioningStyle = Automatic;
					};
				};
			};
			buildConfigurationList = 1EE6D1291DB2D7B0006EBDBF /* Build configuration list for PBXProject "AC3.2-Violations" */;
			compatibilityVersion = "Xcode 3.2";
			developmentRegion = English;
			hasScannedForEncodings = 0;
			knownRegions = (
				en,
				Base,
			);
			mainGroup = 1EE6D1251DB2D7B0006EBDBF;
			productRefGroup = 1EE6D12F1DB2D7B0006EBDBF /* Products */;
			projectDirPath = "";
			projectRoot = "";
			targets = (
				1EE6D12D1DB2D7B0006EBDBF /* AC3.2-Violations */,
			);
		};
/* End PBXProject section */

/* Begin PBXResourcesBuildPhase section */
		1EE6D12C1DB2D7B0006EBDBF /* Resources */ = {
			isa = PBXResourcesBuildPhase;
			buildActionMask = 2147483647;
			files = (
				1EE6D13C1DB2D7B0006EBDBF /* LaunchScreen.storyboard in Resources */,
				1EE6D1391DB2D7B0006EBDBF /* Assets.xcassets in Resources */,
				1EE6D1371DB2D7B0006EBDBF /* Main.storyboard in Resources */,
				1EE6D1441DB2D7C4006EBDBF /* violations.json in Resources */,
			);
			runOnlyForDeploymentPostprocessing = 0;
		};
/* End PBXResourcesBuildPhase section */

/* Begin PBXSourcesBuildPhase section */
		1EE6D12A1DB2D7B0006EBDBF /* Sources */ = {
			isa = PBXSourcesBuildPhase;
			buildActionMask = 2147483647;
			files = (
				1EE6D1341DB2D7B0006EBDBF /* ViewController.swift in Sources */,
				184D661F1DB4F349008976A1 /* ViolationsTableViewController.swift in Sources */,
				1EE6D1321DB2D7B0006EBDBF /* AppDelegate.swift in Sources */,
				184D661D1DB4F2B2008976A1 /* Violations.swift in Sources */,
			);
			runOnlyForDeploymentPostprocessing = 0;
		};
/* End PBXSourcesBuildPhase section */

/* Begin PBXVariantGroup section */
		1EE6D1351DB2D7B0006EBDBF /* Main.storyboard */ = {
			isa = PBXVariantGroup;
			children = (
				1EE6D1361DB2D7B0006EBDBF /* Base */,
			);
			name = Main.storyboard;
			sourceTree = "<group>";
		};
		1EE6D13A1DB2D7B0006EBDBF /* LaunchScreen.storyboard */ = {
			isa = PBXVariantGroup;
			children = (
				1EE6D13B1DB2D7B0006EBDBF /* Base */,
			);
			name = LaunchScreen.storyboard;
			sourceTree = "<group>";
		};
/* End PBXVariantGroup section */

/* Begin XCBuildConfiguration section */
		1EE6D13E1DB2D7B0006EBDBF /* Debug */ = {
			isa = XCBuildConfiguration;
			buildSettings = {
				ALWAYS_SEARCH_USER_PATHS = NO;
				CLANG_ANALYZER_NONNULL = YES;
				CLANG_CXX_LANGUAGE_STANDARD = "gnu++0x";
				CLANG_CXX_LIBRARY = "libc++";
				CLANG_ENABLE_MODULES = YES;
				CLANG_ENABLE_OBJC_ARC = YES;
				CLANG_WARN_BOOL_CONVERSION = YES;
				CLANG_WARN_CONSTANT_CONVERSION = YES;
				CLANG_WARN_DIRECT_OBJC_ISA_USAGE = YES_ERROR;
				CLANG_WARN_DOCUMENTATION_COMMENTS = YES;
				CLANG_WARN_EMPTY_BODY = YES;
				CLANG_WARN_ENUM_CONVERSION = YES;
				CLANG_WARN_INFINITE_RECURSION = YES;
				CLANG_WARN_INT_CONVERSION = YES;
				CLANG_WARN_OBJC_ROOT_CLASS = YES_ERROR;
				CLANG_WARN_SUSPICIOUS_MOVES = YES;
				CLANG_WARN_UNREACHABLE_CODE = YES;
				CLANG_WARN__DUPLICATE_METHOD_MATCH = YES;
				"CODE_SIGN_IDENTITY[sdk=iphoneos*]" = "iPhone Developer";
				COPY_PHASE_STRIP = NO;
				DEBUG_INFORMATION_FORMAT = dwarf;
				ENABLE_STRICT_OBJC_MSGSEND = YES;
				ENABLE_TESTABILITY = YES;
				GCC_C_LANGUAGE_STANDARD = gnu99;
				GCC_DYNAMIC_NO_PIC = NO;
				GCC_NO_COMMON_BLOCKS = YES;
				GCC_OPTIMIZATION_LEVEL = 0;
				GCC_PREPROCESSOR_DEFINITIONS = (
					"DEBUG=1",
					"$(inherited)",
				);
				GCC_WARN_64_TO_32_BIT_CONVERSION = YES;
				GCC_WARN_ABOUT_RETURN_TYPE = YES_ERROR;
				GCC_WARN_UNDECLARED_SELECTOR = YES;
				GCC_WARN_UNINITIALIZED_AUTOS = YES_AGGRESSIVE;
				GCC_WARN_UNUSED_FUNCTION = YES;
				GCC_WARN_UNUSED_VARIABLE = YES;
				IPHONEOS_DEPLOYMENT_TARGET = 10.0;
				MTL_ENABLE_DEBUG_INFO = YES;
				ONLY_ACTIVE_ARCH = YES;
				SDKROOT = iphoneos;
				SWIFT_ACTIVE_COMPILATION_CONDITIONS = DEBUG;
				SWIFT_OPTIMIZATION_LEVEL = "-Onone";
				TARGETED_DEVICE_FAMILY = "1,2";
			};
			name = Debug;
		};
		1EE6D13F1DB2D7B0006EBDBF /* Release */ = {
			isa = XCBuildConfiguration;
			buildSettings = {
				ALWAYS_SEARCH_USER_PATHS = NO;
				CLANG_ANALYZER_NONNULL = YES;
				CLANG_CXX_LANGUAGE_STANDARD = "gnu++0x";
				CLANG_CXX_LIBRARY = "libc++";
				CLANG_ENABLE_MODULES = YES;
				CLANG_ENABLE_OBJC_ARC = YES;
				CLANG_WARN_BOOL_CONVERSION = YES;
				CLANG_WARN_CONSTANT_CONVERSION = YES;
				CLANG_WARN_DIRECT_OBJC_ISA_USAGE = YES_ERROR;
				CLANG_WARN_DOCUMENTATION_COMMENTS = YES;
				CLANG_WARN_EMPTY_BODY = YES;
				CLANG_WARN_ENUM_CONVERSION = YES;
				CLANG_WARN_INFINITE_RECURSION = YES;
				CLANG_WARN_INT_CONVERSION = YES;
				CLANG_WARN_OBJC_ROOT_CLASS = YES_ERROR;
				CLANG_WARN_SUSPICIOUS_MOVES = YES;
				CLANG_WARN_UNREACHABLE_CODE = YES;
				CLANG_WARN__DUPLICATE_METHOD_MATCH = YES;
				"CODE_SIGN_IDENTITY[sdk=iphoneos*]" = "iPhone Developer";
				COPY_PHASE_STRIP = NO;
				DEBUG_INFORMATION_FORMAT = "dwarf-with-dsym";
				ENABLE_NS_ASSERTIONS = NO;
				ENABLE_STRICT_OBJC_MSGSEND = YES;
				GCC_C_LANGUAGE_STANDARD = gnu99;
				GCC_NO_COMMON_BLOCKS = YES;
				GCC_WARN_64_TO_32_BIT_CONVERSION = YES;
				GCC_WARN_ABOUT_RETURN_TYPE = YES_ERROR;
				GCC_WARN_UNDECLARED_SELECTOR = YES;
				GCC_WARN_UNINITIALIZED_AUTOS = YES_AGGRESSIVE;
				GCC_WARN_UNUSED_FUNCTION = YES;
				GCC_WARN_UNUSED_VARIABLE = YES;
				IPHONEOS_DEPLOYMENT_TARGET = 10.0;
				MTL_ENABLE_DEBUG_INFO = NO;
				SDKROOT = iphoneos;
				SWIFT_OPTIMIZATION_LEVEL = "-Owholemodule";
				TARGETED_DEVICE_FAMILY = "1,2";
				VALIDATE_PRODUCT = YES;
			};
			name = Release;
		};
		1EE6D1411DB2D7B0006EBDBF /* Debug */ = {
			isa = XCBuildConfiguration;
			buildSettings = {
				ASSETCATALOG_COMPILER_APPICON_NAME = AppIcon;
				INFOPLIST_FILE = "AC3.2-Violations/Info.plist";
				LD_RUNPATH_SEARCH_PATHS = "$(inherited) @executable_path/Frameworks";
				PRODUCT_BUNDLE_IDENTIFIER = "nyc.c4q.jasongresh.AC3-2-Violations";
				PRODUCT_NAME = "$(TARGET_NAME)";
				SWIFT_VERSION = 3.0;
			};
			name = Debug;
		};
		1EE6D1421DB2D7B0006EBDBF /* Release */ = {
			isa = XCBuildConfiguration;
			buildSettings = {
				ASSETCATALOG_COMPILER_APPICON_NAME = AppIcon;
				INFOPLIST_FILE = "AC3.2-Violations/Info.plist";
				LD_RUNPATH_SEARCH_PATHS = "$(inherited) @executable_path/Frameworks";
				PRODUCT_BUNDLE_IDENTIFIER = "nyc.c4q.jasongresh.AC3-2-Violations";
				PRODUCT_NAME = "$(TARGET_NAME)";
				SWIFT_VERSION = 3.0;
			};
			name = Release;
		};
/* End XCBuildConfiguration section */

/* Begin XCConfigurationList section */
		1EE6D1291DB2D7B0006EBDBF /* Build configuration list for PBXProject "AC3.2-Violations" */ = {
			isa = XCConfigurationList;
			buildConfigurations = (
				1EE6D13E1DB2D7B0006EBDBF /* Debug */,
				1EE6D13F1DB2D7B0006EBDBF /* Release */,
			);
			defaultConfigurationIsVisible = 0;
			defaultConfigurationName = Release;
		};
		1EE6D1401DB2D7B0006EBDBF /* Build configuration list for PBXNativeTarget "AC3.2-Violations" */ = {
			isa = XCConfigurationList;
			buildConfigurations = (
				1EE6D1411DB2D7B0006EBDBF /* Debug */,
				1EE6D1421DB2D7B0006EBDBF /* Release */,
			);
			defaultConfigurationIsVisible = 0;
			defaultConfigurationName = Release;
		};
/* End XCConfigurationList section */
	};
	rootObject = 1EE6D1261DB2D7B0006EBDBF /* Project object */;
}
